
Microsoft Visual Studio Solution File, Format Version 12.00
# Visual Studio Version 16
VisualStudioVersion = 16.0.32106.194
MinimumVisualStudioVersion = 10.0.40219.1
Project("{888888A0-9F3D-457C-B088-3A5042F75D52}") = "lab_01_01_01_Manastyrskij_12", "lab_01_01_01_Manastyrskij_12\lab_01_01_01_Manastyrskij_12.pyproj", "{0417C1EB-7D03-49DC-ADB4-71C0C1882EF7}"
EndProject
Project("{888888A0-9F3D-457C-B088-3A5042F75D52}") = "lab_01_02_01_Manastyrskij_12", "lab_01_02_01_Manastyrskij_12\lab_01_02_01_Manastyrskij_12.pyproj", "{5F477A41-C15A-4FD3-B03D-A0DA09CA4B93}"
EndProject
Project("{888888A0-9F3D-457C-B088-3A5042F75D52}") = "lab_01_02_02_Manastyrskij_12", "lab_01_02_02_Manastyrskij_12\lab_01_02_02_Manastyrskij_12.pyproj", "{7BDFC759-3EF1-4C1D-8FA1-7D6E66043220}"
EndProject
Project("{888888A0-9F3D-457C-B088-3A5042F75D52}") = "lab_01_02_03_Manastyrskij_12", "lab_01_02_03_Manastyrskij_12\lab_01_02_03_Manastyrskij_12.pyproj", "{E47B0884-50A8-4BCE-A585-4AF3FCA6BB0B}"
EndProject
Project("{888888A0-9F3D-457C-B088-3A5042F75D52}") = "lab_02_01_Manastyrskij_12", "lab_02_01_Manastyrskij_12\lab_02_01_Manastyrskij_12.pyproj", "{E91EE135-54DC-40C6-8E44-B64A8B45F4B8}"
EndProject
Project("{888888A0-9F3D-457C-B088-3A5042F75D52}") = "lab_02_02_Manastyrskij_12", "lab_02_02_Manastyrskij_12\lab_02_02_Manastyrskij_12.pyproj", "{C194CE28-9BD0-4136-98E4-1227D02114E2}"
EndProject
Project("{888888A0-9F3D-457C-B088-3A5042F75D52}") = "lab_03_01_Manastyrskij_12", "lab_03_01_Manastyrskij_12\lab_03_01_Manastyrskij_12.pyproj", "{F8FFD74A-ADC5-4E1F-A9E7-F19426A275D4}"
EndProject
Project("{888888A0-9F3D-457C-B088-3A5042F75D52}") = "lab_03_02_Manastyrskij_12", "lab_03_02_Manastyrskij_12\lab_03_02_Manastyrskij_12.pyproj", "{EBFC962C-8865-47B3-82BB-6A8349BC572E}"
EndProject
Project("{888888A0-9F3D-457C-B088-3A5042F75D52}") = "lab_03_03_Manastyrskij_12", "lab_03_03_Manastyrskij_12\lab_03_03_Manastyrskij_12.pyproj", "{84AA923A-8566-45CF-B0F2-EDDCC64AEFDF}"
EndProject
Project("{888888A0-9F3D-457C-B088-3A5042F75D52}") = "lab_03_04_Manastyrskij_12", "lab_03_04_Manastyrskij_12\lab_03_04_Manastyrskij_12.pyproj", "{4285FC3C-47A3-4CC3-AEBC-9800A3BDF566}"
EndProject
Project("{888888A0-9F3D-457C-B088-3A5042F75D52}") = "lab_03_05_Manastyrskij_12", "lab_03_05_Manastyrskij_12\lab_03_05_Manastyrskij_12.pyproj", "{6D2CF7B8-E7CD-4F88-81FB-6D026F156BB9}"
EndProject
Project("{888888A0-9F3D-457C-B088-3A5042F75D52}") = "lab_04_01_Manastyrskij_12", "lab_04_01_Manastyrskij_12\lab_04_01_Manastyrskij_12.pyproj", "{638C97E0-AFC0-4B52-AEC3-3930849EB73B}"
EndProject
Project("{888888A0-9F3D-457C-B088-3A5042F75D52}") = "lab_04_02_Manastyrskij_12", "lab_04_02_Manastyrskij_12\lab_04_02_Manastyrskij_12.pyproj", "{F97B89C8-BE76-4F0E-A099-1D9F46380283}"
EndProject
Project("{888888A0-9F3D-457C-B088-3A5042F75D52}") = "lab_04_04_Manastyrskij_12", "lab_04_04_Manastyrskij_12\lab_04_04_Manastyrskij_12.pyproj", "{71D43755-27E3-4D63-A1D0-C536D3E9D5A8}"
EndProject
Project("{888888A0-9F3D-457C-B088-3A5042F75D52}") = "lab_04_03_Manastyrskij_12", "lab_04_03_Manastyrskij_12\lab_04_03_Manastyrskij_12.pyproj", "{360C6ABC-84DD-4F38-86C2-86299256683D}"
EndProject
Project("{888888A0-9F3D-457C-B088-3A5042F75D52}") = "lab_05_01_Manastyrskij_12", "lab_05_01_Manastyrskij_12\lab_05_01_Manastyrskij_12.pyproj", "{0A5F4ED1-06BC-4526-BF5A-FA003194DE12}"
EndProject
Project("{888888A0-9F3D-457C-B088-3A5042F75D52}") = "lab_05_02_Manastyrskij_12", "lab_05_02_Manastyrskij_12\lab_05_02_Manastyrskij_12.pyproj", "{78B90ED3-5434-4223-BE00-D01AF53B8B00}"
EndProject
Global
	GlobalSection(SolutionConfigurationPlatforms) = preSolution
		Debug|Any CPU = Debug|Any CPU
		Debug|x64 = Debug|x64
		Debug|x86 = Debug|x86
		Release|Any CPU = Release|Any CPU
		Release|x64 = Release|x64
		Release|x86 = Release|x86
	EndGlobalSection
	GlobalSection(ProjectConfigurationPlatforms) = postSolution
		{0417C1EB-7D03-49DC-ADB4-71C0C1882EF7}.Debug|Any CPU.ActiveCfg = Debug|Any CPU
		{0417C1EB-7D03-49DC-ADB4-71C0C1882EF7}.Debug|x64.ActiveCfg = Debug|Any CPU
		{0417C1EB-7D03-49DC-ADB4-71C0C1882EF7}.Debug|x86.ActiveCfg = Debug|Any CPU
		{0417C1EB-7D03-49DC-ADB4-71C0C1882EF7}.Release|Any CPU.ActiveCfg = Release|Any CPU
		{0417C1EB-7D03-49DC-ADB4-71C0C1882EF7}.Release|x64.ActiveCfg = Release|Any CPU
		{0417C1EB-7D03-49DC-ADB4-71C0C1882EF7}.Release|x86.ActiveCfg = Release|Any CPU
		{5F477A41-C15A-4FD3-B03D-A0DA09CA4B93}.Debug|Any CPU.ActiveCfg = Debug|Any CPU
		{5F477A41-C15A-4FD3-B03D-A0DA09CA4B93}.Debug|x64.ActiveCfg = Debug|Any CPU
		{5F477A41-C15A-4FD3-B03D-A0DA09CA4B93}.Debug|x86.ActiveCfg = Debug|Any CPU
		{5F477A41-C15A-4FD3-B03D-A0DA09CA4B93}.Release|Any CPU.ActiveCfg = Release|Any CPU
		{5F477A41-C15A-4FD3-B03D-A0DA09CA4B93}.Release|x64.ActiveCfg = Release|Any CPU
		{5F477A41-C15A-4FD3-B03D-A0DA09CA4B93}.Release|x86.ActiveCfg = Release|Any CPU
		{7BDFC759-3EF1-4C1D-8FA1-7D6E66043220}.Debug|Any CPU.ActiveCfg = Debug|Any CPU
		{7BDFC759-3EF1-4C1D-8FA1-7D6E66043220}.Debug|x64.ActiveCfg = Debug|Any CPU
		{7BDFC759-3EF1-4C1D-8FA1-7D6E66043220}.Debug|x86.ActiveCfg = Debug|Any CPU
		{7BDFC759-3EF1-4C1D-8FA1-7D6E66043220}.Release|Any CPU.ActiveCfg = Release|Any CPU
		{7BDFC759-3EF1-4C1D-8FA1-7D6E66043220}.Release|x64.ActiveCfg = Release|Any CPU
		{7BDFC759-3EF1-4C1D-8FA1-7D6E66043220}.Release|x86.ActiveCfg = Release|Any CPU
		{E47B0884-50A8-4BCE-A585-4AF3FCA6BB0B}.Debug|Any CPU.ActiveCfg = Debug|Any CPU
		{E47B0884-50A8-4BCE-A585-4AF3FCA6BB0B}.Debug|x64.ActiveCfg = Debug|Any CPU
		{E47B0884-50A8-4BCE-A585-4AF3FCA6BB0B}.Debug|x86.ActiveCfg = Debug|Any CPU
		{E47B0884-50A8-4BCE-A585-4AF3FCA6BB0B}.Release|Any CPU.ActiveCfg = Release|Any CPU
		{E47B0884-50A8-4BCE-A585-4AF3FCA6BB0B}.Release|x64.ActiveCfg = Release|Any CPU
		{E47B0884-50A8-4BCE-A585-4AF3FCA6BB0B}.Release|x86.ActiveCfg = Release|Any CPU
		{E91EE135-54DC-40C6-8E44-B64A8B45F4B8}.Debug|Any CPU.ActiveCfg = Debug|Any CPU
		{E91EE135-54DC-40C6-8E44-B64A8B45F4B8}.Debug|x64.ActiveCfg = Debug|Any CPU
		{E91EE135-54DC-40C6-8E44-B64A8B45F4B8}.Debug|x86.ActiveCfg = Debug|Any CPU
		{E91EE135-54DC-40C6-8E44-B64A8B45F4B8}.Release|Any CPU.ActiveCfg = Release|Any CPU
		{E91EE135-54DC-40C6-8E44-B64A8B45F4B8}.Release|x64.ActiveCfg = Release|Any CPU
		{E91EE135-54DC-40C6-8E44-B64A8B45F4B8}.Release|x86.ActiveCfg = Release|Any CPU
		{C194CE28-9BD0-4136-98E4-1227D02114E2}.Debug|Any CPU.ActiveCfg = Debug|Any CPU
		{C194CE28-9BD0-4136-98E4-1227D02114E2}.Debug|x64.ActiveCfg = Debug|Any CPU
		{C194CE28-9BD0-4136-98E4-1227D02114E2}.Debug|x86.ActiveCfg = Debug|Any CPU
		{C194CE28-9BD0-4136-98E4-1227D02114E2}.Release|Any CPU.ActiveCfg = Release|Any CPU
		{C194CE28-9BD0-4136-98E4-1227D02114E2}.Release|x64.ActiveCfg = Release|Any CPU
		{C194CE28-9BD0-4136-98E4-1227D02114E2}.Release|x86.ActiveCfg = Release|Any CPU
		{F8FFD74A-ADC5-4E1F-A9E7-F19426A275D4}.Debug|Any CPU.ActiveCfg = Debug|Any CPU
		{F8FFD74A-ADC5-4E1F-A9E7-F19426A275D4}.Debug|x64.ActiveCfg = Debug|Any CPU
		{F8FFD74A-ADC5-4E1F-A9E7-F19426A275D4}.Debug|x86.ActiveCfg = Debug|Any CPU
		{F8FFD74A-ADC5-4E1F-A9E7-F19426A275D4}.Release|Any CPU.ActiveCfg = Release|Any CPU
		{F8FFD74A-ADC5-4E1F-A9E7-F19426A275D4}.Release|x64.ActiveCfg = Release|Any CPU
		{F8FFD74A-ADC5-4E1F-A9E7-F19426A275D4}.Release|x86.ActiveCfg = Release|Any CPU
		{EBFC962C-8865-47B3-82BB-6A8349BC572E}.Debug|Any CPU.ActiveCfg = Debug|Any CPU
		{EBFC962C-8865-47B3-82BB-6A8349BC572E}.Debug|x64.ActiveCfg = Debug|Any CPU
		{EBFC962C-8865-47B3-82BB-6A8349BC572E}.Debug|x86.ActiveCfg = Debug|Any CPU
		{EBFC962C-8865-47B3-82BB-6A8349BC572E}.Release|Any CPU.ActiveCfg = Release|Any CPU
		{EBFC962C-8865-47B3-82BB-6A8349BC572E}.Release|x64.ActiveCfg = Release|Any CPU
		{EBFC962C-8865-47B3-82BB-6A8349BC572E}.Release|x86.ActiveCfg = Release|Any CPU
		{84AA923A-8566-45CF-B0F2-EDDCC64AEFDF}.Debug|Any CPU.ActiveCfg = Debug|Any CPU
		{84AA923A-8566-45CF-B0F2-EDDCC64AEFDF}.Debug|x64.ActiveCfg = Debug|Any CPU
		{84AA923A-8566-45CF-B0F2-EDDCC64AEFDF}.Debug|x86.ActiveCfg = Debug|Any CPU
		{84AA923A-8566-45CF-B0F2-EDDCC64AEFDF}.Release|Any CPU.ActiveCfg = Release|Any CPU
		{84AA923A-8566-45CF-B0F2-EDDCC64AEFDF}.Release|x64.ActiveCfg = Release|Any CPU
		{84AA923A-8566-45CF-B0F2-EDDCC64AEFDF}.Release|x86.ActiveCfg = Release|Any CPU
		{4285FC3C-47A3-4CC3-AEBC-9800A3BDF566}.Debug|Any CPU.ActiveCfg = Debug|Any CPU
		{4285FC3C-47A3-4CC3-AEBC-9800A3BDF566}.Debug|x64.ActiveCfg = Debug|Any CPU
		{4285FC3C-47A3-4CC3-AEBC-9800A3BDF566}.Debug|x86.ActiveCfg = Debug|Any CPU
		{4285FC3C-47A3-4CC3-AEBC-9800A3BDF566}.Release|Any CPU.ActiveCfg = Release|Any CPU
		{4285FC3C-47A3-4CC3-AEBC-9800A3BDF566}.Release|x64.ActiveCfg = Release|Any CPU
		{4285FC3C-47A3-4CC3-AEBC-9800A3BDF566}.Release|x86.ActiveCfg = Release|Any CPU
		{6D2CF7B8-E7CD-4F88-81FB-6D026F156BB9}.Debug|Any CPU.ActiveCfg = Debug|Any CPU
		{6D2CF7B8-E7CD-4F88-81FB-6D026F156BB9}.Debug|x64.ActiveCfg = Debug|Any CPU
		{6D2CF7B8-E7CD-4F88-81FB-6D026F156BB9}.Debug|x86.ActiveCfg = Debug|Any CPU
		{6D2CF7B8-E7CD-4F88-81FB-6D026F156BB9}.Release|Any CPU.ActiveCfg = Release|Any CPU
		{6D2CF7B8-E7CD-4F88-81FB-6D026F156BB9}.Release|x64.ActiveCfg = Release|Any CPU
		{6D2CF7B8-E7CD-4F88-81FB-6D026F156BB9}.Release|x86.ActiveCfg = Release|Any CPU
		{638C97E0-AFC0-4B52-AEC3-3930849EB73B}.Debug|Any CPU.ActiveCfg = Debug|Any CPU
		{638C97E0-AFC0-4B52-AEC3-3930849EB73B}.Debug|x64.ActiveCfg = Debug|Any CPU
		{638C97E0-AFC0-4B52-AEC3-3930849EB73B}.Debug|x86.ActiveCfg = Debug|Any CPU
		{638C97E0-AFC0-4B52-AEC3-3930849EB73B}.Release|Any CPU.ActiveCfg = Release|Any CPU
		{638C97E0-AFC0-4B52-AEC3-3930849EB73B}.Release|x64.ActiveCfg = Release|Any CPU
		{638C97E0-AFC0-4B52-AEC3-3930849EB73B}.Release|x86.ActiveCfg = Release|Any CPU
		{F97B89C8-BE76-4F0E-A099-1D9F46380283}.Debug|Any CPU.ActiveCfg = Debug|Any CPU
		{F97B89C8-BE76-4F0E-A099-1D9F46380283}.Debug|x64.ActiveCfg = Debug|Any CPU
		{F97B89C8-BE76-4F0E-A099-1D9F46380283}.Debug|x86.ActiveCfg = Debug|Any CPU
		{F97B89C8-BE76-4F0E-A099-1D9F46380283}.Release|Any CPU.ActiveCfg = Release|Any CPU
		{F97B89C8-BE76-4F0E-A099-1D9F46380283}.Release|x64.ActiveCfg = Release|Any CPU
		{F97B89C8-BE76-4F0E-A099-1D9F46380283}.Release|x86.ActiveCfg = Release|Any CPU
		{71D43755-27E3-4D63-A1D0-C536D3E9D5A8}.Debug|Any CPU.ActiveCfg = Debug|Any CPU
		{71D43755-27E3-4D63-A1D0-C536D3E9D5A8}.Debug|x64.ActiveCfg = Debug|Any CPU
		{71D43755-27E3-4D63-A1D0-C536D3E9D5A8}.Debug|x86.ActiveCfg = Debug|Any CPU
		{71D43755-27E3-4D63-A1D0-C536D3E9D5A8}.Release|Any CPU.ActiveCfg = Release|Any CPU
		{71D43755-27E3-4D63-A1D0-C536D3E9D5A8}.Release|x64.ActiveCfg = Release|Any CPU
		{71D43755-27E3-4D63-A1D0-C536D3E9D5A8}.Release|x86.ActiveCfg = Release|Any CPU
		{360C6ABC-84DD-4F38-86C2-86299256683D}.Debug|Any CPU.ActiveCfg = Debug|Any CPU
		{360C6ABC-84DD-4F38-86C2-86299256683D}.Debug|x64.ActiveCfg = Debug|Any CPU
		{360C6ABC-84DD-4F38-86C2-86299256683D}.Debug|x86.ActiveCfg = Debug|Any CPU
		{360C6ABC-84DD-4F38-86C2-86299256683D}.Release|Any CPU.ActiveCfg = Release|Any CPU
		{360C6ABC-84DD-4F38-86C2-86299256683D}.Release|x64.ActiveCfg = Release|Any CPU
		{360C6ABC-84DD-4F38-86C2-86299256683D}.Release|x86.ActiveCfg = Release|Any CPU
		{0A5F4ED1-06BC-4526-BF5A-FA003194DE12}.Debug|Any CPU.ActiveCfg = Debug|Any CPU
		{0A5F4ED1-06BC-4526-BF5A-FA003194DE12}.Debug|x64.ActiveCfg = Debug|Any CPU
		{0A5F4ED1-06BC-4526-BF5A-FA003194DE12}.Debug|x86.ActiveCfg = Debug|Any CPU
		{0A5F4ED1-06BC-4526-BF5A-FA003194DE12}.Release|Any CPU.ActiveCfg = Release|Any CPU
		{0A5F4ED1-06BC-4526-BF5A-FA003194DE12}.Release|x64.ActiveCfg = Release|Any CPU
		{0A5F4ED1-06BC-4526-BF5A-FA003194DE12}.Release|x86.ActiveCfg = Release|Any CPU
		{78B90ED3-5434-4223-BE00-D01AF53B8B00}.Debug|Any CPU.ActiveCfg = Debug|Any CPU
		{78B90ED3-5434-4223-BE00-D01AF53B8B00}.Debug|x64.ActiveCfg = Debug|Any CPU
		{78B90ED3-5434-4223-BE00-D01AF53B8B00}.Debug|x86.ActiveCfg = Debug|Any CPU
		{78B90ED3-5434-4223-BE00-D01AF53B8B00}.Release|Any CPU.ActiveCfg = Release|Any CPU
		{78B90ED3-5434-4223-BE00-D01AF53B8B00}.Release|x64.ActiveCfg = Release|Any CPU
		{78B90ED3-5434-4223-BE00-D01AF53B8B00}.Release|x86.ActiveCfg = Release|Any CPU
	EndGlobalSection
	GlobalSection(SolutionProperties) = preSolution
		HideSolutionNode = FALSE
	EndGlobalSection
	GlobalSection(ExtensibilityGlobals) = postSolution
		SolutionGuid = {C4AA1B36-2C29-461B-A28C-695F71B77072}
	EndGlobalSection
EndGlobal
