
Microsoft Visual Studio Solution File, Format Version 12.00
# Visual Studio Version 16
VisualStudioVersion = 16.0.32106.194
MinimumVisualStudioVersion = 10.0.40219.1
Project("{888888A0-9F3D-457C-B088-3A5042F75D52}") = "lab_01_01_01", "lab_01_01_01\lab_01_01_01.pyproj", "{0417C1EB-7D03-49DC-ADB4-71C0C1882EF7}"
EndProject
Project("{888888A0-9F3D-457C-B088-3A5042F75D52}") = "lab_01_02_01", "lab_01_02_01\lab_01_02_01.pyproj", "{5F477A41-C15A-4FD3-B03D-A0DA09CA4B93}"
EndProject
Project("{888888A0-9F3D-457C-B088-3A5042F75D52}") = "lab_01_02_02", "lab_01_02_02\lab_01_02_02.pyproj", "{7BDFC759-3EF1-4C1D-8FA1-7D6E66043220}"
EndProject
Project("{888888A0-9F3D-457C-B088-3A5042F75D52}") = "lab_01_02_03", "lab_01_02_03\lab_01_02_03.pyproj", "{E47B0884-50A8-4BCE-A585-4AF3FCA6BB0B}"
EndProject
Global
	GlobalSection(SolutionConfigurationPlatforms) = preSolution
		Debug|Any CPU = Debug|Any CPU
		Release|Any CPU = Release|Any CPU
	EndGlobalSection
	GlobalSection(ProjectConfigurationPlatforms) = postSolution
		{0417C1EB-7D03-49DC-ADB4-71C0C1882EF7}.Debug|Any CPU.ActiveCfg = Debug|Any CPU
		{0417C1EB-7D03-49DC-ADB4-71C0C1882EF7}.Release|Any CPU.ActiveCfg = Release|Any CPU
		{5F477A41-C15A-4FD3-B03D-A0DA09CA4B93}.Debug|Any CPU.ActiveCfg = Debug|Any CPU
		{5F477A41-C15A-4FD3-B03D-A0DA09CA4B93}.Release|Any CPU.ActiveCfg = Release|Any CPU
		{7BDFC759-3EF1-4C1D-8FA1-7D6E66043220}.Debug|Any CPU.ActiveCfg = Debug|Any CPU
		{7BDFC759-3EF1-4C1D-8FA1-7D6E66043220}.Release|Any CPU.ActiveCfg = Release|Any CPU
		{E47B0884-50A8-4BCE-A585-4AF3FCA6BB0B}.Debug|Any CPU.ActiveCfg = Debug|Any CPU
		{E47B0884-50A8-4BCE-A585-4AF3FCA6BB0B}.Release|Any CPU.ActiveCfg = Release|Any CPU
	EndGlobalSection
	GlobalSection(SolutionProperties) = preSolution
		HideSolutionNode = FALSE
	EndGlobalSection
	GlobalSection(ExtensibilityGlobals) = postSolution
		SolutionGuid = {C4AA1B36-2C29-461B-A28C-695F71B77072}
	EndGlobalSection
EndGlobal
